// !$*UTF8*$!
{
	archiveVersion = 1;
	classes = {
	};
	objectVersion = 51;
	objects = {

/* Begin PBXBuildFile section */
		C4F071FCB15A054EA209B31E /* Pods_MyWeibo.framework in Frameworks */ = {isa = PBXBuildFile; fileRef = B45ED2BCA0325A02EE6437B5 /* Pods_MyWeibo.framework */; };
		DE041E9C2531AC9000C73424 /* NetworkManager.swift in Sources */ = {isa = PBXBuildFile; fileRef = DE041E9A2531AC9000C73424 /* NetworkManager.swift */; };
		DE041E9D2531AC9000C73424 /* NetworkAPI.swift in Sources */ = {isa = PBXBuildFile; fileRef = DE041E9B2531AC9000C73424 /* NetworkAPI.swift */; };
		DE0865842517343000D71656 /* PostDetailView.swift in Sources */ = {isa = PBXBuildFile; fileRef = DE0865832517343000D71656 /* PostDetailView.swift */; };
		DE08658825174DF000D71656 /* HomeNavigationBar.swift in Sources */ = {isa = PBXBuildFile; fileRef = DE08658725174DF000D71656 /* HomeNavigationBar.swift */; };
		DE0865902517632300D71656 /* HomeView.swift in Sources */ = {isa = PBXBuildFile; fileRef = DE08658F2517632300D71656 /* HomeView.swift */; };
		DE57E8A2251499B6005C51C6 /* PostCellToBarButton.swift in Sources */ = {isa = PBXBuildFile; fileRef = DE57E8A1251499B6005C51C6 /* PostCellToBarButton.swift */; };
		DE57E8A52514ABE6005C51C6 /* PostListView.swift in Sources */ = {isa = PBXBuildFile; fileRef = DE57E8A42514ABE6005C51C6 /* PostListView.swift */; };
		DE57E8A82514C195005C51C6 /* PostImageCell.swift in Sources */ = {isa = PBXBuildFile; fileRef = DE57E8A72514C195005C51C6 /* PostImageCell.swift */; };
		DE6D0577252700150079A211 /* KeyBoardResponder.swift in Sources */ = {isa = PBXBuildFile; fileRef = DE6D0576252700150079A211 /* KeyBoardResponder.swift */; };
		DE77592225319C110084EEDA /* PostListViewBBSwift.swift in Sources */ = {isa = PBXBuildFile; fileRef = DE77592125319C110084EEDA /* PostListViewBBSwift.swift */; };
		DE7759252531A4540084EEDA /* OriginalButtonStyle.swift in Sources */ = {isa = PBXBuildFile; fileRef = DE7759242531A4540084EEDA /* OriginalButtonStyle.swift */; };
		DEAE837A2521DE32000D5641 /* CommentInputView.swift in Sources */ = {isa = PBXBuildFile; fileRef = DEAE83792521DE32000D5641 /* CommentInputView.swift */; };
		DEAE837D2521E59C000D5641 /* CommentTextView.swift in Sources */ = {isa = PBXBuildFile; fileRef = DEAE837C2521E59C000D5641 /* CommentTextView.swift */; };
		DEC4B80A25333F6300886263 /* Test.swift in Sources */ = {isa = PBXBuildFile; fileRef = DEC4B80925333F6300886263 /* Test.swift */; };
		DEC8ED40251379E5001BEED0 /* PostCell.swift in Sources */ = {isa = PBXBuildFile; fileRef = DEC8ED3F251379E5001BEED0 /* PostCell.swift */; };
		DEC8EE562513876A001BEED0 /* PostListData_recommend_1.json in Resources */ = {isa = PBXBuildFile; fileRef = DEC8EE032513876A001BEED0 /* PostListData_recommend_1.json */; };
		DEC8EE792513876B001BEED0 /* PostListData_hot_1.json in Resources */ = {isa = PBXBuildFile; fileRef = DEC8EE262513876A001BEED0 /* PostListData_hot_1.json */; };
		DEC8EE9725138A2A001BEED0 /* PostVIPBadge.swift in Sources */ = {isa = PBXBuildFile; fileRef = DEC8EE9625138A2A001BEED0 /* PostVIPBadge.swift */; };
		DEC8EE9A25145CB1001BEED0 /* Post.swift in Sources */ = {isa = PBXBuildFile; fileRef = DEC8EE9925145CB1001BEED0 /* Post.swift */; };
		DECC9131251DBBB300FE01ED /* HScrollViewController.swift in Sources */ = {isa = PBXBuildFile; fileRef = DECC9130251DBBB300FE01ED /* HScrollViewController.swift */; };
		DED306212518C0840021A24F /* UserData.swift in Sources */ = {isa = PBXBuildFile; fileRef = DED306202518C0840021A24F /* UserData.swift */; };
		DEE479EA2513693B00CC2915 /* AppDelegate.swift in Sources */ = {isa = PBXBuildFile; fileRef = DEE479E92513693B00CC2915 /* AppDelegate.swift */; };
		DEE479EC2513693B00CC2915 /* SceneDelegate.swift in Sources */ = {isa = PBXBuildFile; fileRef = DEE479EB2513693B00CC2915 /* SceneDelegate.swift */; };
		DEE479F02513693C00CC2915 /* Assets.xcassets in Resources */ = {isa = PBXBuildFile; fileRef = DEE479EF2513693C00CC2915 /* Assets.xcassets */; };
		DEE479F32513693C00CC2915 /* Preview Assets.xcassets in Resources */ = {isa = PBXBuildFile; fileRef = DEE479F22513693C00CC2915 /* Preview Assets.xcassets */; };
		DEE479F62513693C00CC2915 /* LaunchScreen.storyboard in Resources */ = {isa = PBXBuildFile; fileRef = DEE479F42513693C00CC2915 /* LaunchScreen.storyboard */; };
/* End PBXBuildFile section */

/* Begin PBXFileReference section */
		199471F1B8F1735F33C4524B /* Pods-MyWeibo.debug.xcconfig */ = {isa = PBXFileReference; includeInIndex = 1; lastKnownFileType = text.xcconfig; name = "Pods-MyWeibo.debug.xcconfig"; path = "Target Support Files/Pods-MyWeibo/Pods-MyWeibo.debug.xcconfig"; sourceTree = "<group>"; };
		B45ED2BCA0325A02EE6437B5 /* Pods_MyWeibo.framework */ = {isa = PBXFileReference; explicitFileType = wrapper.framework; includeInIndex = 0; path = Pods_MyWeibo.framework; sourceTree = BUILT_PRODUCTS_DIR; };
		DE041E9A2531AC9000C73424 /* NetworkManager.swift */ = {isa = PBXFileReference; fileEncoding = 4; lastKnownFileType = sourcecode.swift; name = NetworkManager.swift; path = ../../NetworkDemo/NetworkDemo/NetworkManager.swift; sourceTree = "<group>"; };
		DE041E9B2531AC9000C73424 /* NetworkAPI.swift */ = {isa = PBXFileReference; fileEncoding = 4; lastKnownFileType = sourcecode.swift; name = NetworkAPI.swift; path = ../../NetworkDemo/NetworkDemo/NetworkAPI.swift; sourceTree = "<group>"; };
		DE0865832517343000D71656 /* PostDetailView.swift */ = {isa = PBXFileReference; lastKnownFileType = sourcecode.swift; path = PostDetailView.swift; sourceTree = "<group>"; };
		DE08658725174DF000D71656 /* HomeNavigationBar.swift */ = {isa = PBXFileReference; lastKnownFileType = sourcecode.swift; path = HomeNavigationBar.swift; sourceTree = "<group>"; };
		DE08658F2517632300D71656 /* HomeView.swift */ = {isa = PBXFileReference; lastKnownFileType = sourcecode.swift; path = HomeView.swift; sourceTree = "<group>"; };
		DE57E8A1251499B6005C51C6 /* PostCellToBarButton.swift */ = {isa = PBXFileReference; lastKnownFileType = sourcecode.swift; path = PostCellToBarButton.swift; sourceTree = "<group>"; };
		DE57E8A42514ABE6005C51C6 /* PostListView.swift */ = {isa = PBXFileReference; lastKnownFileType = sourcecode.swift; path = PostListView.swift; sourceTree = "<group>"; };
		DE57E8A72514C195005C51C6 /* PostImageCell.swift */ = {isa = PBXFileReference; lastKnownFileType = sourcecode.swift; path = PostImageCell.swift; sourceTree = "<group>"; };
		DE6D0576252700150079A211 /* KeyBoardResponder.swift */ = {isa = PBXFileReference; lastKnownFileType = sourcecode.swift; path = KeyBoardResponder.swift; sourceTree = "<group>"; };
		DE77592125319C110084EEDA /* PostListViewBBSwift.swift */ = {isa = PBXFileReference; lastKnownFileType = sourcecode.swift; path = PostListViewBBSwift.swift; sourceTree = "<group>"; };
		DE7759242531A4540084EEDA /* OriginalButtonStyle.swift */ = {isa = PBXFileReference; lastKnownFileType = sourcecode.swift; path = OriginalButtonStyle.swift; sourceTree = "<group>"; };
		DEAE83792521DE32000D5641 /* CommentInputView.swift */ = {isa = PBXFileReference; lastKnownFileType = sourcecode.swift; path = CommentInputView.swift; sourceTree = "<group>"; };
		DEAE837C2521E59C000D5641 /* CommentTextView.swift */ = {isa = PBXFileReference; lastKnownFileType = sourcecode.swift; path = CommentTextView.swift; sourceTree = "<group>"; };
		DEC4B80925333F6300886263 /* Test.swift */ = {isa = PBXFileReference; lastKnownFileType = sourcecode.swift; path = Test.swift; sourceTree = "<group>"; };
		DEC8ED3F251379E5001BEED0 /* PostCell.swift */ = {isa = PBXFileReference; lastKnownFileType = sourcecode.swift; path = PostCell.swift; sourceTree = "<group>"; };
		DEC8EE032513876A001BEED0 /* PostListData_recommend_1.json */ = {isa = PBXFileReference; fileEncoding = 4; lastKnownFileType = text.json; path = PostListData_recommend_1.json; sourceTree = "<group>"; };
		DEC8EE262513876A001BEED0 /* PostListData_hot_1.json */ = {isa = PBXFileReference; fileEncoding = 4; lastKnownFileType = text.json; path = PostListData_hot_1.json; sourceTree = "<group>"; };
		DEC8EE9625138A2A001BEED0 /* PostVIPBadge.swift */ = {isa = PBXFileReference; lastKnownFileType = sourcecode.swift; path = PostVIPBadge.swift; sourceTree = "<group>"; };
		DEC8EE9925145CB1001BEED0 /* Post.swift */ = {isa = PBXFileReference; lastKnownFileType = sourcecode.swift; path = Post.swift; sourceTree = "<group>"; };
		DECC9130251DBBB300FE01ED /* HScrollViewController.swift */ = {isa = PBXFileReference; lastKnownFileType = sourcecode.swift; path = HScrollViewController.swift; sourceTree = "<group>"; };
		DED306202518C0840021A24F /* UserData.swift */ = {isa = PBXFileReference; lastKnownFileType = sourcecode.swift; path = UserData.swift; sourceTree = "<group>"; };
		DEE479E62513693B00CC2915 /* MyWeibo.app */ = {isa = PBXFileReference; explicitFileType = wrapper.application; includeInIndex = 0; path = MyWeibo.app; sourceTree = BUILT_PRODUCTS_DIR; };
		DEE479E92513693B00CC2915 /* AppDelegate.swift */ = {isa = PBXFileReference; lastKnownFileType = sourcecode.swift; path = AppDelegate.swift; sourceTree = "<group>"; };
		DEE479EB2513693B00CC2915 /* SceneDelegate.swift */ = {isa = PBXFileReference; lastKnownFileType = sourcecode.swift; path = SceneDelegate.swift; sourceTree = "<group>"; };
		DEE479EF2513693C00CC2915 /* Assets.xcassets */ = {isa = PBXFileReference; lastKnownFileType = folder.assetcatalog; path = Assets.xcassets; sourceTree = "<group>"; };
		DEE479F22513693C00CC2915 /* Preview Assets.xcassets */ = {isa = PBXFileReference; lastKnownFileType = folder.assetcatalog; path = "Preview Assets.xcassets"; sourceTree = "<group>"; };
		DEE479F52513693C00CC2915 /* Base */ = {isa = PBXFileReference; lastKnownFileType = file.storyboard; name = Base; path = Base.lproj/LaunchScreen.storyboard; sourceTree = "<group>"; };
		DEE479F72513693C00CC2915 /* Info.plist */ = {isa = PBXFileReference; lastKnownFileType = text.plist.xml; path = Info.plist; sourceTree = "<group>"; };
		E2A562616B4C3E62EB355A8A /* Pods-MyWeibo.release.xcconfig */ = {isa = PBXFileReference; includeInIndex = 1; lastKnownFileType = text.xcconfig; name = "Pods-MyWeibo.release.xcconfig"; path = "Target Support Files/Pods-MyWeibo/Pods-MyWeibo.release.xcconfig"; sourceTree = "<group>"; };
/* End PBXFileReference section */

/* Begin PBXFrameworksBuildPhase section */
		DEE479E32513693B00CC2915 /* Frameworks */ = {
			isa = PBXFrameworksBuildPhase;
			buildActionMask = 2147483647;
			files = (
				C4F071FCB15A054EA209B31E /* Pods_MyWeibo.framework in Frameworks */,
			);
			runOnlyForDeploymentPostprocessing = 0;
		};
/* End PBXFrameworksBuildPhase section */

/* Begin PBXGroup section */
		79A1E4D8987328183C4DFF30 /* Frameworks */ = {
			isa = PBXGroup;
			children = (
				B45ED2BCA0325A02EE6437B5 /* Pods_MyWeibo.framework */,
			);
			name = Frameworks;
			sourceTree = "<group>";
		};
		84C117C0269FCD7DE7382CED /* Pods */ = {
			isa = PBXGroup;
			children = (
				199471F1B8F1735F33C4524B /* Pods-MyWeibo.debug.xcconfig */,
				E2A562616B4C3E62EB355A8A /* Pods-MyWeibo.release.xcconfig */,
			);
			path = Pods;
			sourceTree = "<group>";
		};
		DEC8EDEA2513876A001BEED0 /* Resources */ = {
			isa = PBXGroup;
			children = (
				DEC8EE032513876A001BEED0 /* PostListData_recommend_1.json */,
				DEC8EE262513876A001BEED0 /* PostListData_hot_1.json */,
			);
			path = Resources;
			sourceTree = "<group>";
		};
		DEE479DD2513693B00CC2915 = {
			isa = PBXGroup;
			children = (
				DEE479E82513693B00CC2915 /* MyWeibo */,
				DEE479E72513693B00CC2915 /* Products */,
				84C117C0269FCD7DE7382CED /* Pods */,
				79A1E4D8987328183C4DFF30 /* Frameworks */,
			);
			sourceTree = "<group>";
		};
		DEE479E72513693B00CC2915 /* Products */ = {
			isa = PBXGroup;
			children = (
				DEE479E62513693B00CC2915 /* MyWeibo.app */,
			);
			name = Products;
			sourceTree = "<group>";
		};
		DEE479E82513693B00CC2915 /* MyWeibo */ = {
			isa = PBXGroup;
			children = (
				DEE479E92513693B00CC2915 /* AppDelegate.swift */,
				DE7759242531A4540084EEDA /* OriginalButtonStyle.swift */,
				DEE479EB2513693B00CC2915 /* SceneDelegate.swift */,
				DE08658F2517632300D71656 /* HomeView.swift */,
				DEAE83792521DE32000D5641 /* CommentInputView.swift */,
				DEAE837C2521E59C000D5641 /* CommentTextView.swift */,
				DED306202518C0840021A24F /* UserData.swift */,
				DEC8ED3F251379E5001BEED0 /* PostCell.swift */,
				DE57E8A72514C195005C51C6 /* PostImageCell.swift */,
				DE57E8A42514ABE6005C51C6 /* PostListView.swift */,
				DE77592125319C110084EEDA /* PostListViewBBSwift.swift */,
				DEC4B80925333F6300886263 /* Test.swift */,
				DE6D0576252700150079A211 /* KeyBoardResponder.swift */,
				DECC9130251DBBB300FE01ED /* HScrollViewController.swift */,
				DE08658725174DF000D71656 /* HomeNavigationBar.swift */,
				DE0865832517343000D71656 /* PostDetailView.swift */,
				DE57E8A1251499B6005C51C6 /* PostCellToBarButton.swift */,
				DEC8EE9925145CB1001BEED0 /* Post.swift */,
				DEC8EE9625138A2A001BEED0 /* PostVIPBadge.swift */,
				DE041E9B2531AC9000C73424 /* NetworkAPI.swift */,
				DE041E9A2531AC9000C73424 /* NetworkManager.swift */,
				DEC8EDEA2513876A001BEED0 /* Resources */,
				DEE479EF2513693C00CC2915 /* Assets.xcassets */,
				DEE479F42513693C00CC2915 /* LaunchScreen.storyboard */,
				DEE479F72513693C00CC2915 /* Info.plist */,
				DEE479F12513693C00CC2915 /* Preview Content */,
			);
			path = MyWeibo;
			sourceTree = "<group>";
		};
		DEE479F12513693C00CC2915 /* Preview Content */ = {
			isa = PBXGroup;
			children = (
				DEE479F22513693C00CC2915 /* Preview Assets.xcassets */,
			);
			path = "Preview Content";
			sourceTree = "<group>";
		};
/* End PBXGroup section */

/* Begin PBXNativeTarget section */
		DEE479E52513693B00CC2915 /* MyWeibo */ = {
			isa = PBXNativeTarget;
			buildConfigurationList = DEE479FA2513693C00CC2915 /* Build configuration list for PBXNativeTarget "MyWeibo" */;
			buildPhases = (
				00B7442DD38C95D97B8B0267 /* [CP] Check Pods Manifest.lock */,
				DEE479E22513693B00CC2915 /* Sources */,
				DEE479E32513693B00CC2915 /* Frameworks */,
				DEE479E42513693B00CC2915 /* Resources */,
				78E0D84C81AF924CA6902304 /* [CP] Embed Pods Frameworks */,
			);
			buildRules = (
			);
			dependencies = (
			);
			name = MyWeibo;
			productName = MyWeibo;
			productReference = DEE479E62513693B00CC2915 /* MyWeibo.app */;
			productType = "com.apple.product-type.application";
		};
/* End PBXNativeTarget section */

/* Begin PBXProject section */
		DEE479DE2513693B00CC2915 /* Project object */ = {
			isa = PBXProject;
			attributes = {
				LastSwiftUpdateCheck = 1200;
				LastUpgradeCheck = 1200;
				TargetAttributes = {
					DEE479E52513693B00CC2915 = {
						CreatedOnToolsVersion = 12.0;
					};
				};
			};
			buildConfigurationList = DEE479E12513693B00CC2915 /* Build configuration list for PBXProject "MyWeibo" */;
			compatibilityVersion = "Xcode 9.3";
			developmentRegion = en;
			hasScannedForEncodings = 0;
			knownRegions = (
				en,
				Base,
			);
			mainGroup = DEE479DD2513693B00CC2915;
			productRefGroup = DEE479E72513693B00CC2915 /* Products */;
			projectDirPath = "";
			projectRoot = "";
			targets = (
				DEE479E52513693B00CC2915 /* MyWeibo */,
			);
		};
/* End PBXProject section */

/* Begin PBXResourcesBuildPhase section */
		DEE479E42513693B00CC2915 /* Resources */ = {
			isa = PBXResourcesBuildPhase;
			buildActionMask = 2147483647;
			files = (
				DEC8EE792513876B001BEED0 /* PostListData_hot_1.json in Resources */,
				DEE479F62513693C00CC2915 /* LaunchScreen.storyboard in Resources */,
				DEE479F32513693C00CC2915 /* Preview Assets.xcassets in Resources */,
				DEE479F02513693C00CC2915 /* Assets.xcassets in Resources */,
				DEC8EE562513876A001BEED0 /* PostListData_recommend_1.json in Resources */,
			);
			runOnlyForDeploymentPostprocessing = 0;
		};
/* End PBXResourcesBuildPhase section */

/* Begin PBXShellScriptBuildPhase section */
		00B7442DD38C95D97B8B0267 /* [CP] Check Pods Manifest.lock */ = {
			isa = PBXShellScriptBuildPhase;
			buildActionMask = 2147483647;
			files = (
			);
			inputFileListPaths = (
			);
			inputPaths = (
				"${PODS_PODFILE_DIR_PATH}/Podfile.lock",
				"${PODS_ROOT}/Manifest.lock",
			);
			name = "[CP] Check Pods Manifest.lock";
			outputFileListPaths = (
			);
			outputPaths = (
				"$(DERIVED_FILE_DIR)/Pods-MyWeibo-checkManifestLockResult.txt",
			);
			runOnlyForDeploymentPostprocessing = 0;
			shellPath = /bin/sh;
			shellScript = "diff \"${PODS_PODFILE_DIR_PATH}/Podfile.lock\" \"${PODS_ROOT}/Manifest.lock\" > /dev/null\nif [ $? != 0 ] ; then\n    # print error to STDERR\n    echo \"error: The sandbox is not in sync with the Podfile.lock. Run 'pod install' or update your CocoaPods installation.\" >&2\n    exit 1\nfi\n# This output is used by Xcode 'outputs' to avoid re-running this script phase.\necho \"SUCCESS\" > \"${SCRIPT_OUTPUT_FILE_0}\"\n";
			showEnvVarsInLog = 0;
		};
		78E0D84C81AF924CA6902304 /* [CP] Embed Pods Frameworks */ = {
			isa = PBXShellScriptBuildPhase;
			buildActionMask = 2147483647;
			files = (
			);
			inputFileListPaths = (
				"${PODS_ROOT}/Target Support Files/Pods-MyWeibo/Pods-MyWeibo-frameworks-${CONFIGURATION}-input-files.xcfilelist",
			);
			name = "[CP] Embed Pods Frameworks";
			outputFileListPaths = (
				"${PODS_ROOT}/Target Support Files/Pods-MyWeibo/Pods-MyWeibo-frameworks-${CONFIGURATION}-output-files.xcfilelist",
			);
			runOnlyForDeploymentPostprocessing = 0;
			shellPath = /bin/sh;
			shellScript = "\"${PODS_ROOT}/Target Support Files/Pods-MyWeibo/Pods-MyWeibo-frameworks.sh\"\n";
			showEnvVarsInLog = 0;
		};
/* End PBXShellScriptBuildPhase section */

/* Begin PBXSourcesBuildPhase section */
		DEE479E22513693B00CC2915 /* Sources */ = {
			isa = PBXSourcesBuildPhase;
			buildActionMask = 2147483647;
			files = (
				DE041E9C2531AC9000C73424 /* NetworkManager.swift in Sources */,
				DEE479EA2513693B00CC2915 /* AppDelegate.swift in Sources */,
				DE57E8A2251499B6005C51C6 /* PostCellToBarButton.swift in Sources */,
				DE7759252531A4540084EEDA /* OriginalButtonStyle.swift in Sources */,
				DE57E8A52514ABE6005C51C6 /* PostListView.swift in Sources */,
				DEE479EC2513693B00CC2915 /* SceneDelegate.swift in Sources */,
				DEAE837D2521E59C000D5641 /* CommentTextView.swift in Sources */,
				DE6D0577252700150079A211 /* KeyBoardResponder.swift in Sources */,
				DEC8EE9A25145CB1001BEED0 /* Post.swift in Sources */,
				DEC8ED40251379E5001BEED0 /* PostCell.swift in Sources */,
				DED306212518C0840021A24F /* UserData.swift in Sources */,
				DE041E9D2531AC9000C73424 /* NetworkAPI.swift in Sources */,
				DE08658825174DF000D71656 /* HomeNavigationBar.swift in Sources */,
				DE57E8A82514C195005C51C6 /* PostImageCell.swift in Sources */,
				DEAE837A2521DE32000D5641 /* CommentInputView.swift in Sources */,
				DECC9131251DBBB300FE01ED /* HScrollViewController.swift in Sources */,
				DE77592225319C110084EEDA /* PostListViewBBSwift.swift in Sources */,
				DEC4B80A25333F6300886263 /* Test.swift in Sources */,
				DE0865902517632300D71656 /* HomeView.swift in Sources */,
				DE0865842517343000D71656 /* PostDetailView.swift in Sources */,
				DEC8EE9725138A2A001BEED0 /* PostVIPBadge.swift in Sources */,
			);
			runOnlyForDeploymentPostprocessing = 0;
		};
/* End PBXSourcesBuildPhase section */

/* Begin PBXVariantGroup section */
		DEE479F42513693C00CC2915 /* LaunchScreen.storyboard */ = {
			isa = PBXVariantGroup;
			children = (
				DEE479F52513693C00CC2915 /* Base */,
			);
			name = LaunchScreen.storyboard;
			sourceTree = "<group>";
		};
/* End PBXVariantGroup section */

/* Begin XCBuildConfiguration section */
		DEE479F82513693C00CC2915 /* Debug */ = {
			isa = XCBuildConfiguration;
			buildSettings = {
				ALWAYS_SEARCH_USER_PATHS = NO;
				CLANG_ANALYZER_NONNULL = YES;
				CLANG_ANALYZER_NUMBER_OBJECT_CONVERSION = YES_AGGRESSIVE;
				CLANG_CXX_LANGUAGE_STANDARD = "gnu++14";
				CLANG_CXX_LIBRARY = "libc++";
				CLANG_ENABLE_MODULES = YES;
				CLANG_ENABLE_OBJC_ARC = YES;
				CLANG_ENABLE_OBJC_WEAK = YES;
				CLANG_WARN_BLOCK_CAPTURE_AUTORELEASING = YES;
				CLANG_WARN_BOOL_CONVERSION = YES;
				CLANG_WARN_COMMA = YES;
				CLANG_WARN_CONSTANT_CONVERSION = YES;
				CLANG_WARN_DEPRECATED_OBJC_IMPLEMENTATIONS = YES;
				CLANG_WARN_DIRECT_OBJC_ISA_USAGE = YES_ERROR;
				CLANG_WARN_DOCUMENTATION_COMMENTS = YES;
				CLANG_WARN_EMPTY_BODY = YES;
				CLANG_WARN_ENUM_CONVERSION = YES;
				CLANG_WARN_INFINITE_RECURSION = YES;
				CLANG_WARN_INT_CONVERSION = YES;
				CLANG_WARN_NON_LITERAL_NULL_CONVERSION = YES;
				CLANG_WARN_OBJC_IMPLICIT_RETAIN_SELF = YES;
				CLANG_WARN_OBJC_LITERAL_CONVERSION = YES;
				CLANG_WARN_OBJC_ROOT_CLASS = YES_ERROR;
				CLANG_WARN_QUOTED_INCLUDE_IN_FRAMEWORK_HEADER = YES;
				CLANG_WARN_RANGE_LOOP_ANALYSIS = YES;
				CLANG_WARN_STRICT_PROTOTYPES = YES;
				CLANG_WARN_SUSPICIOUS_MOVE = YES;
				CLANG_WARN_UNGUARDED_AVAILABILITY = YES_AGGRESSIVE;
				CLANG_WARN_UNREACHABLE_CODE = YES;
				CLANG_WARN__DUPLICATE_METHOD_MATCH = YES;
				COPY_PHASE_STRIP = NO;
				DEBUG_INFORMATION_FORMAT = dwarf;
				ENABLE_STRICT_OBJC_MSGSEND = YES;
				ENABLE_TESTABILITY = YES;
				GCC_C_LANGUAGE_STANDARD = gnu11;
				GCC_DYNAMIC_NO_PIC = NO;
				GCC_NO_COMMON_BLOCKS = YES;
				GCC_OPTIMIZATION_LEVEL = 0;
				GCC_PREPROCESSOR_DEFINITIONS = (
					"DEBUG=1",
					"$(inherited)",
				);
				GCC_WARN_64_TO_32_BIT_CONVERSION = YES;
				GCC_WARN_ABOUT_RETURN_TYPE = YES_ERROR;
				GCC_WARN_UNDECLARED_SELECTOR = YES;
				GCC_WARN_UNINITIALIZED_AUTOS = YES_AGGRESSIVE;
				GCC_WARN_UNUSED_FUNCTION = YES;
				GCC_WARN_UNUSED_VARIABLE = YES;
				IPHONEOS_DEPLOYMENT_TARGET = 13.0;
				MTL_ENABLE_DEBUG_INFO = INCLUDE_SOURCE;
				MTL_FAST_MATH = YES;
				ONLY_ACTIVE_ARCH = YES;
				SDKROOT = iphoneos;
				SWIFT_ACTIVE_COMPILATION_CONDITIONS = DEBUG;
				SWIFT_OPTIMIZATION_LEVEL = "-Onone";
			};
			name = Debug;
		};
		DEE479F92513693C00CC2915 /* Release */ = {
			isa = XCBuildConfiguration;
			buildSettings = {
				ALWAYS_SEARCH_USER_PATHS = NO;
				CLANG_ANALYZER_NONNULL = YES;
				CLANG_ANALYZER_NUMBER_OBJECT_CONVERSION = YES_AGGRESSIVE;
				CLANG_CXX_LANGUAGE_STANDARD = "gnu++14";
				CLANG_CXX_LIBRARY = "libc++";
				CLANG_ENABLE_MODULES = YES;
				CLANG_ENABLE_OBJC_ARC = YES;
				CLANG_ENABLE_OBJC_WEAK = YES;
				CLANG_WARN_BLOCK_CAPTURE_AUTORELEASING = YES;
				CLANG_WARN_BOOL_CONVERSION = YES;
				CLANG_WARN_COMMA = YES;
				CLANG_WARN_CONSTANT_CONVERSION = YES;
				CLANG_WARN_DEPRECATED_OBJC_IMPLEMENTATIONS = YES;
				CLANG_WARN_DIRECT_OBJC_ISA_USAGE = YES_ERROR;
				CLANG_WARN_DOCUMENTATION_COMMENTS = YES;
				CLANG_WARN_EMPTY_BODY = YES;
				CLANG_WARN_ENUM_CONVERSION = YES;
				CLANG_WARN_INFINITE_RECURSION = YES;
				CLANG_WARN_INT_CONVERSION = YES;
				CLANG_WARN_NON_LITERAL_NULL_CONVERSION = YES;
				CLANG_WARN_OBJC_IMPLICIT_RETAIN_SELF = YES;
				CLANG_WARN_OBJC_LITERAL_CONVERSION = YES;
				CLANG_WARN_OBJC_ROOT_CLASS = YES_ERROR;
				CLANG_WARN_QUOTED_INCLUDE_IN_FRAMEWORK_HEADER = YES;
				CLANG_WARN_RANGE_LOOP_ANALYSIS = YES;
				CLANG_WARN_STRICT_PROTOTYPES = YES;
				CLANG_WARN_SUSPICIOUS_MOVE = YES;
				CLANG_WARN_UNGUARDED_AVAILABILITY = YES_AGGRESSIVE;
				CLANG_WARN_UNREACHABLE_CODE = YES;
				CLANG_WARN__DUPLICATE_METHOD_MATCH = YES;
				COPY_PHASE_STRIP = NO;
				DEBUG_INFORMATION_FORMAT = "dwarf-with-dsym";
				ENABLE_NS_ASSERTIONS = NO;
				ENABLE_STRICT_OBJC_MSGSEND = YES;
				GCC_C_LANGUAGE_STANDARD = gnu11;
				GCC_NO_COMMON_BLOCKS = YES;
				GCC_WARN_64_TO_32_BIT_CONVERSION = YES;
				GCC_WARN_ABOUT_RETURN_TYPE = YES_ERROR;
				GCC_WARN_UNDECLARED_SELECTOR = YES;
				GCC_WARN_UNINITIALIZED_AUTOS = YES_AGGRESSIVE;
				GCC_WARN_UNUSED_FUNCTION = YES;
				GCC_WARN_UNUSED_VARIABLE = YES;
				IPHONEOS_DEPLOYMENT_TARGET = 13.0;
				MTL_ENABLE_DEBUG_INFO = NO;
				MTL_FAST_MATH = YES;
				SDKROOT = iphoneos;
				SWIFT_COMPILATION_MODE = wholemodule;
				SWIFT_OPTIMIZATION_LEVEL = "-O";
				VALIDATE_PRODUCT = YES;
			};
			name = Release;
		};
		DEE479FB2513693C00CC2915 /* Debug */ = {
			isa = XCBuildConfiguration;
			baseConfigurationReference = 199471F1B8F1735F33C4524B /* Pods-MyWeibo.debug.xcconfig */;
			buildSettings = {
				ASSETCATALOG_COMPILER_APPICON_NAME = AppIcon;
				ASSETCATALOG_COMPILER_GLOBAL_ACCENT_COLOR_NAME = AccentColor;
				CODE_SIGN_STYLE = Automatic;
				DEVELOPMENT_ASSET_PATHS = "\"MyWeibo/Preview Content\"";
				DEVELOPMENT_TEAM = YWXV7PW2ZL;
				ENABLE_PREVIEWS = YES;
				INFOPLIST_FILE = MyWeibo/Info.plist;
				LD_RUNPATH_SEARCH_PATHS = (
					"$(inherited)",
					"@executable_path/Frameworks",
				);
				PRODUCT_BUNDLE_IDENTIFIER = Baron.MyWeibo;
				PRODUCT_NAME = "$(TARGET_NAME)";
				SWIFT_VERSION = 5.0;
				TARGETED_DEVICE_FAMILY = "1,2";
			};
			name = Debug;
		};
		DEE479FC2513693C00CC2915 /* Release */ = {
			isa = XCBuildConfiguration;
			baseConfigurationReference = E2A562616B4C3E62EB355A8A /* Pods-MyWeibo.release.xcconfig */;
			buildSettings = {
				ASSETCATALOG_COMPILER_APPICON_NAME = AppIcon;
				ASSETCATALOG_COMPILER_GLOBAL_ACCENT_COLOR_NAME = AccentColor;
				CODE_SIGN_STYLE = Automatic;
				DEVELOPMENT_ASSET_PATHS = "\"MyWeibo/Preview Content\"";
				DEVELOPMENT_TEAM = YWXV7PW2ZL;
				ENABLE_PREVIEWS = YES;
				INFOPLIST_FILE = MyWeibo/Info.plist;
				LD_RUNPATH_SEARCH_PATHS = (
					"$(inherited)",
					"@executable_path/Frameworks",
				);
				PRODUCT_BUNDLE_IDENTIFIER = Baron.MyWeibo;
				PRODUCT_NAME = "$(TARGET_NAME)";
				SWIFT_VERSION = 5.0;
				TARGETED_DEVICE_FAMILY = "1,2";
			};
			name = Release;
		};
/* End XCBuildConfiguration section */

/* Begin XCConfigurationList section */
		DEE479E12513693B00CC2915 /* Build configuration list for PBXProject "MyWeibo" */ = {
			isa = XCConfigurationList;
			buildConfigurations = (
				DEE479F82513693C00CC2915 /* Debug */,
				DEE479F92513693C00CC2915 /* Release */,
			);
			defaultConfigurationIsVisible = 0;
			defaultConfigurationName = Release;
		};
		DEE479FA2513693C00CC2915 /* Build configuration list for PBXNativeTarget "MyWeibo" */ = {
			isa = XCConfigurationList;
			buildConfigurations = (
				DEE479FB2513693C00CC2915 /* Debug */,
				DEE479FC2513693C00CC2915 /* Release */,
			);
			defaultConfigurationIsVisible = 0;
			defaultConfigurationName = Release;
		};
/* End XCConfigurationList section */
	};
	rootObject = DEE479DE2513693B00CC2915 /* Project object */;
}
