PODS:
  - Alamofire (5.2.2)
  - BBSwiftUIKit (0.1.0)
  - SDWebImage (5.9.2):
    - SDWebImage/Core (= 5.9.2)
  - SDWebImage/Core (5.9.2)
  - SDWebImageSwiftUI (1.5.0):
    - SDWebImage (~> 5.7)

DEPENDENCIES:
  - Alamofire
  - BBSwiftUIKit
  - SDWebImageSwiftUI

SPEC REPOS:
  trunk:
    - Alamofire
    - BBSwiftUIKit
    - SDWebImage
    - SDWebImageSwiftUI

SPEC CHECKSUMS:
  Alamofire: 814429acc853c6c54ff123fc3d2ef66803823ce0
  BBSwiftUIKit: 4cff8ce7d7dabaa2a161b6435323bfae9eb14fed
  SDWebImage: 0b42b8719ab0c5257177d5894306e8a336b21cbb
  SDWebImageSwiftUI: 43687ffe232ddd33fe0659498b7ca9884fdd6b35

PODFILE CHECKSUM: af6722d1e259fe64657557f127e49dd19473f640

COCOAPODS: 1.9.3
