// !$*UTF8*$!
{
	archiveVersion = 1;
	classes = {
	};
	objectVersion = 52;
	objects = {

/* Begin PBXBuildFile section */
		DE775905253182460084EEDA /* AppDelegate.swift in Sources */ = {isa = PBXBuildFile; fileRef = DE775904253182460084EEDA /* AppDelegate.swift */; };
		DE775907253182460084EEDA /* SceneDelegate.swift in Sources */ = {isa = PBXBuildFile; fileRef = DE775906253182460084EEDA /* SceneDelegate.swift */; };
		DE775909253182460084EEDA /* ContentView.swift in Sources */ = {isa = PBXBuildFile; fileRef = DE775908253182460084EEDA /* ContentView.swift */; };
		DE77590B253182490084EEDA /* Assets.xcassets in Resources */ = {isa = PBXBuildFile; fileRef = DE77590A253182490084EEDA /* Assets.xcassets */; };
		DE77590E253182490084EEDA /* Preview Assets.xcassets in Resources */ = {isa = PBXBuildFile; fileRef = DE77590D253182490084EEDA /* Preview Assets.xcassets */; };
		DE775911253182490084EEDA /* LaunchScreen.storyboard in Resources */ = {isa = PBXBuildFile; fileRef = DE77590F253182490084EEDA /* LaunchScreen.storyboard */; };
		DE77591C253184030084EEDA /* BBSwiftUIKit in Frameworks */ = {isa = PBXBuildFile; productRef = DE77591B253184030084EEDA /* BBSwiftUIKit */; };
/* End PBXBuildFile section */

/* Begin PBXFileReference section */
		DE775901253182460084EEDA /* PullDowntoRefreshDemo.app */ = {isa = PBXFileReference; explicitFileType = wrapper.application; includeInIndex = 0; path = PullDowntoRefreshDemo.app; sourceTree = BUILT_PRODUCTS_DIR; };
		DE775904253182460084EEDA /* AppDelegate.swift */ = {isa = PBXFileReference; lastKnownFileType = sourcecode.swift; path = AppDelegate.swift; sourceTree = "<group>"; };
		DE775906253182460084EEDA /* SceneDelegate.swift */ = {isa = PBXFileReference; lastKnownFileType = sourcecode.swift; path = SceneDelegate.swift; sourceTree = "<group>"; };
		DE775908253182460084EEDA /* ContentView.swift */ = {isa = PBXFileReference; lastKnownFileType = sourcecode.swift; path = ContentView.swift; sourceTree = "<group>"; };
		DE77590A253182490084EEDA /* Assets.xcassets */ = {isa = PBXFileReference; lastKnownFileType = folder.assetcatalog; path = Assets.xcassets; sourceTree = "<group>"; };
		DE77590D253182490084EEDA /* Preview Assets.xcassets */ = {isa = PBXFileReference; lastKnownFileType = folder.assetcatalog; path = "Preview Assets.xcassets"; sourceTree = "<group>"; };
		DE775910253182490084EEDA /* Base */ = {isa = PBXFileReference; lastKnownFileType = file.storyboard; name = Base; path = Base.lproj/LaunchScreen.storyboard; sourceTree = "<group>"; };
		DE775912253182490084EEDA /* Info.plist */ = {isa = PBXFileReference; lastKnownFileType = text.plist.xml; path = Info.plist; sourceTree = "<group>"; };
/* End PBXFileReference section */

/* Begin PBXFrameworksBuildPhase section */
		DE7758FE253182460084EEDA /* Frameworks */ = {
			isa = PBXFrameworksBuildPhase;
			buildActionMask = 2147483647;
			files = (
				DE77591C253184030084EEDA /* BBSwiftUIKit in Frameworks */,
			);
			runOnlyForDeploymentPostprocessing = 0;
		};
/* End PBXFrameworksBuildPhase section */

/* Begin PBXGroup section */
		DE7758F8253182460084EEDA = {
			isa = PBXGroup;
			children = (
				DE775903253182460084EEDA /* PullDowntoRefreshDemo */,
				DE775902253182460084EEDA /* Products */,
			);
			sourceTree = "<group>";
		};
		DE775902253182460084EEDA /* Products */ = {
			isa = PBXGroup;
			children = (
				DE775901253182460084EEDA /* PullDowntoRefreshDemo.app */,
			);
			name = Products;
			sourceTree = "<group>";
		};
		DE775903253182460084EEDA /* PullDowntoRefreshDemo */ = {
			isa = PBXGroup;
			children = (
				DE775904253182460084EEDA /* AppDelegate.swift */,
				DE775906253182460084EEDA /* SceneDelegate.swift */,
				DE775908253182460084EEDA /* ContentView.swift */,
				DE77590A253182490084EEDA /* Assets.xcassets */,
				DE77590F253182490084EEDA /* LaunchScreen.storyboard */,
				DE775912253182490084EEDA /* Info.plist */,
				DE77590C253182490084EEDA /* Preview Content */,
			);
			path = PullDowntoRefreshDemo;
			sourceTree = "<group>";
		};
		DE77590C253182490084EEDA /* Preview Content */ = {
			isa = PBXGroup;
			children = (
				DE77590D253182490084EEDA /* Preview Assets.xcassets */,
			);
			path = "Preview Content";
			sourceTree = "<group>";
		};
/* End PBXGroup section */

/* Begin PBXNativeTarget section */
		DE775900253182460084EEDA /* PullDowntoRefreshDemo */ = {
			isa = PBXNativeTarget;
			buildConfigurationList = DE775915253182490084EEDA /* Build configuration list for PBXNativeTarget "PullDowntoRefreshDemo" */;
			buildPhases = (
				DE7758FD253182460084EEDA /* Sources */,
				DE7758FE253182460084EEDA /* Frameworks */,
				DE7758FF253182460084EEDA /* Resources */,
			);
			buildRules = (
			);
			dependencies = (
			);
			name = PullDowntoRefreshDemo;
			packageProductDependencies = (
				DE77591B253184030084EEDA /* BBSwiftUIKit */,
			);
			productName = PullDowntoRefreshDemo;
			productReference = DE775901253182460084EEDA /* PullDowntoRefreshDemo.app */;
			productType = "com.apple.product-type.application";
		};
/* End PBXNativeTarget section */

/* Begin PBXProject section */
		DE7758F9253182460084EEDA /* Project object */ = {
			isa = PBXProject;
			attributes = {
				LastSwiftUpdateCheck = 1200;
				LastUpgradeCheck = 1200;
				TargetAttributes = {
					DE775900253182460084EEDA = {
						CreatedOnToolsVersion = 12.0.1;
					};
				};
			};
			buildConfigurationList = DE7758FC253182460084EEDA /* Build configuration list for PBXProject "PullDowntoRefreshDemo" */;
			compatibilityVersion = "Xcode 9.3";
			developmentRegion = en;
			hasScannedForEncodings = 0;
			knownRegions = (
				en,
				Base,
			);
			mainGroup = DE7758F8253182460084EEDA;
			packageReferences = (
				DE77591A253184030084EEDA /* XCRemoteSwiftPackageReference "BBSwiftUIKit" */,
			);
			productRefGroup = DE775902253182460084EEDA /* Products */;
			projectDirPath = "";
			projectRoot = "";
			targets = (
				DE775900253182460084EEDA /* PullDowntoRefreshDemo */,
			);
		};
/* End PBXProject section */

/* Begin PBXResourcesBuildPhase section */
		DE7758FF253182460084EEDA /* Resources */ = {
			isa = PBXResourcesBuildPhase;
			buildActionMask = 2147483647;
			files = (
				DE775911253182490084EEDA /* LaunchScreen.storyboard in Resources */,
				DE77590E253182490084EEDA /* Preview Assets.xcassets in Resources */,
				DE77590B253182490084EEDA /* Assets.xcassets in Resources */,
			);
			runOnlyForDeploymentPostprocessing = 0;
		};
/* End PBXResourcesBuildPhase section */

/* Begin PBXSourcesBuildPhase section */
		DE7758FD253182460084EEDA /* Sources */ = {
			isa = PBXSourcesBuildPhase;
			buildActionMask = 2147483647;
			files = (
				DE775905253182460084EEDA /* AppDelegate.swift in Sources */,
				DE775907253182460084EEDA /* SceneDelegate.swift in Sources */,
				DE775909253182460084EEDA /* ContentView.swift in Sources */,
			);
			runOnlyForDeploymentPostprocessing = 0;
		};
/* End PBXSourcesBuildPhase section */

/* Begin PBXVariantGroup section */
		DE77590F253182490084EEDA /* LaunchScreen.storyboard */ = {
			isa = PBXVariantGroup;
			children = (
				DE775910253182490084EEDA /* Base */,
			);
			name = LaunchScreen.storyboard;
			sourceTree = "<group>";
		};
/* End PBXVariantGroup section */

/* Begin XCBuildConfiguration section */
		DE775913253182490084EEDA /* Debug */ = {
			isa = XCBuildConfiguration;
			buildSettings = {
				ALWAYS_SEARCH_USER_PATHS = NO;
				CLANG_ANALYZER_NONNULL = YES;
				CLANG_ANALYZER_NUMBER_OBJECT_CONVERSION = YES_AGGRESSIVE;
				CLANG_CXX_LANGUAGE_STANDARD = "gnu++14";
				CLANG_CXX_LIBRARY = "libc++";
				CLANG_ENABLE_MODULES = YES;
				CLANG_ENABLE_OBJC_ARC = YES;
				CLANG_ENABLE_OBJC_WEAK = YES;
				CLANG_WARN_BLOCK_CAPTURE_AUTORELEASING = YES;
				CLANG_WARN_BOOL_CONVERSION = YES;
				CLANG_WARN_COMMA = YES;
				CLANG_WARN_CONSTANT_CONVERSION = YES;
				CLANG_WARN_DEPRECATED_OBJC_IMPLEMENTATIONS = YES;
				CLANG_WARN_DIRECT_OBJC_ISA_USAGE = YES_ERROR;
				CLANG_WARN_DOCUMENTATION_COMMENTS = YES;
				CLANG_WARN_EMPTY_BODY = YES;
				CLANG_WARN_ENUM_CONVERSION = YES;
				CLANG_WARN_INFINITE_RECURSION = YES;
				CLANG_WARN_INT_CONVERSION = YES;
				CLANG_WARN_NON_LITERAL_NULL_CONVERSION = YES;
				CLANG_WARN_OBJC_IMPLICIT_RETAIN_SELF = YES;
				CLANG_WARN_OBJC_LITERAL_CONVERSION = YES;
				CLANG_WARN_OBJC_ROOT_CLASS = YES_ERROR;
				CLANG_WARN_QUOTED_INCLUDE_IN_FRAMEWORK_HEADER = YES;
				CLANG_WARN_RANGE_LOOP_ANALYSIS = YES;
				CLANG_WARN_STRICT_PROTOTYPES = YES;
				CLANG_WARN_SUSPICIOUS_MOVE = YES;
				CLANG_WARN_UNGUARDED_AVAILABILITY = YES_AGGRESSIVE;
				CLANG_WARN_UNREACHABLE_CODE = YES;
				CLANG_WARN__DUPLICATE_METHOD_MATCH = YES;
				COPY_PHASE_STRIP = NO;
				DEBUG_INFORMATION_FORMAT = dwarf;
				ENABLE_STRICT_OBJC_MSGSEND = YES;
				ENABLE_TESTABILITY = YES;
				GCC_C_LANGUAGE_STANDARD = gnu11;
				GCC_DYNAMIC_NO_PIC = NO;
				GCC_NO_COMMON_BLOCKS = YES;
				GCC_OPTIMIZATION_LEVEL = 0;
				GCC_PREPROCESSOR_DEFINITIONS = (
					"DEBUG=1",
					"$(inherited)",
				);
				GCC_WARN_64_TO_32_BIT_CONVERSION = YES;
				GCC_WARN_ABOUT_RETURN_TYPE = YES_ERROR;
				GCC_WARN_UNDECLARED_SELECTOR = YES;
				GCC_WARN_UNINITIALIZED_AUTOS = YES_AGGRESSIVE;
				GCC_WARN_UNUSED_FUNCTION = YES;
				GCC_WARN_UNUSED_VARIABLE = YES;
				IPHONEOS_DEPLOYMENT_TARGET = 13.0;
				MTL_ENABLE_DEBUG_INFO = INCLUDE_SOURCE;
				MTL_FAST_MATH = YES;
				ONLY_ACTIVE_ARCH = YES;
				SDKROOT = iphoneos;
				SWIFT_ACTIVE_COMPILATION_CONDITIONS = DEBUG;
				SWIFT_OPTIMIZATION_LEVEL = "-Onone";
			};
			name = Debug;
		};
		DE775914253182490084EEDA /* Release */ = {
			isa = XCBuildConfiguration;
			buildSettings = {
				ALWAYS_SEARCH_USER_PATHS = NO;
				CLANG_ANALYZER_NONNULL = YES;
				CLANG_ANALYZER_NUMBER_OBJECT_CONVERSION = YES_AGGRESSIVE;
				CLANG_CXX_LANGUAGE_STANDARD = "gnu++14";
				CLANG_CXX_LIBRARY = "libc++";
				CLANG_ENABLE_MODULES = YES;
				CLANG_ENABLE_OBJC_ARC = YES;
				CLANG_ENABLE_OBJC_WEAK = YES;
				CLANG_WARN_BLOCK_CAPTURE_AUTORELEASING = YES;
				CLANG_WARN_BOOL_CONVERSION = YES;
				CLANG_WARN_COMMA = YES;
				CLANG_WARN_CONSTANT_CONVERSION = YES;
				CLANG_WARN_DEPRECATED_OBJC_IMPLEMENTATIONS = YES;
				CLANG_WARN_DIRECT_OBJC_ISA_USAGE = YES_ERROR;
				CLANG_WARN_DOCUMENTATION_COMMENTS = YES;
				CLANG_WARN_EMPTY_BODY = YES;
				CLANG_WARN_ENUM_CONVERSION = YES;
				CLANG_WARN_INFINITE_RECURSION = YES;
				CLANG_WARN_INT_CONVERSION = YES;
				CLANG_WARN_NON_LITERAL_NULL_CONVERSION = YES;
				CLANG_WARN_OBJC_IMPLICIT_RETAIN_SELF = YES;
				CLANG_WARN_OBJC_LITERAL_CONVERSION = YES;
				CLANG_WARN_OBJC_ROOT_CLASS = YES_ERROR;
				CLANG_WARN_QUOTED_INCLUDE_IN_FRAMEWORK_HEADER = YES;
				CLANG_WARN_RANGE_LOOP_ANALYSIS = YES;
				CLANG_WARN_STRICT_PROTOTYPES = YES;
				CLANG_WARN_SUSPICIOUS_MOVE = YES;
				CLANG_WARN_UNGUARDED_AVAILABILITY = YES_AGGRESSIVE;
				CLANG_WARN_UNREACHABLE_CODE = YES;
				CLANG_WARN__DUPLICATE_METHOD_MATCH = YES;
				COPY_PHASE_STRIP = NO;
				DEBUG_INFORMATION_FORMAT = "dwarf-with-dsym";
				ENABLE_NS_ASSERTIONS = NO;
				ENABLE_STRICT_OBJC_MSGSEND = YES;
				GCC_C_LANGUAGE_STANDARD = gnu11;
				GCC_NO_COMMON_BLOCKS = YES;
				GCC_WARN_64_TO_32_BIT_CONVERSION = YES;
				GCC_WARN_ABOUT_RETURN_TYPE = YES_ERROR;
				GCC_WARN_UNDECLARED_SELECTOR = YES;
				GCC_WARN_UNINITIALIZED_AUTOS = YES_AGGRESSIVE;
				GCC_WARN_UNUSED_FUNCTION = YES;
				GCC_WARN_UNUSED_VARIABLE = YES;
				IPHONEOS_DEPLOYMENT_TARGET = 13.0;
				MTL_ENABLE_DEBUG_INFO = NO;
				MTL_FAST_MATH = YES;
				SDKROOT = iphoneos;
				SWIFT_COMPILATION_MODE = wholemodule;
				SWIFT_OPTIMIZATION_LEVEL = "-O";
				VALIDATE_PRODUCT = YES;
			};
			name = Release;
		};
		DE775916253182490084EEDA /* Debug */ = {
			isa = XCBuildConfiguration;
			buildSettings = {
				ASSETCATALOG_COMPILER_APPICON_NAME = AppIcon;
				ASSETCATALOG_COMPILER_GLOBAL_ACCENT_COLOR_NAME = AccentColor;
				CODE_SIGN_STYLE = Automatic;
				DEVELOPMENT_ASSET_PATHS = "\"PullDowntoRefreshDemo/Preview Content\"";
				DEVELOPMENT_TEAM = YWXV7PW2ZL;
				ENABLE_PREVIEWS = YES;
				INFOPLIST_FILE = PullDowntoRefreshDemo/Info.plist;
				LD_RUNPATH_SEARCH_PATHS = (
					"$(inherited)",
					"@executable_path/Frameworks",
				);
				PRODUCT_BUNDLE_IDENTIFIER = Baron.PullDowntoRefreshDemo;
				PRODUCT_NAME = "$(TARGET_NAME)";
				SWIFT_VERSION = 5.0;
				TARGETED_DEVICE_FAMILY = "1,2";
			};
			name = Debug;
		};
		DE775917253182490084EEDA /* Release */ = {
			isa = XCBuildConfiguration;
			buildSettings = {
				ASSETCATALOG_COMPILER_APPICON_NAME = AppIcon;
				ASSETCATALOG_COMPILER_GLOBAL_ACCENT_COLOR_NAME = AccentColor;
				CODE_SIGN_STYLE = Automatic;
				DEVELOPMENT_ASSET_PATHS = "\"PullDowntoRefreshDemo/Preview Content\"";
				DEVELOPMENT_TEAM = YWXV7PW2ZL;
				ENABLE_PREVIEWS = YES;
				INFOPLIST_FILE = PullDowntoRefreshDemo/Info.plist;
				LD_RUNPATH_SEARCH_PATHS = (
					"$(inherited)",
					"@executable_path/Frameworks",
				);
				PRODUCT_BUNDLE_IDENTIFIER = Baron.PullDowntoRefreshDemo;
				PRODUCT_NAME = "$(TARGET_NAME)";
				SWIFT_VERSION = 5.0;
				TARGETED_DEVICE_FAMILY = "1,2";
			};
			name = Release;
		};
/* End XCBuildConfiguration section */

/* Begin XCConfigurationList section */
		DE7758FC253182460084EEDA /* Build configuration list for PBXProject "PullDowntoRefreshDemo" */ = {
			isa = XCConfigurationList;
			buildConfigurations = (
				DE775913253182490084EEDA /* Debug */,
				DE775914253182490084EEDA /* Release */,
			);
			defaultConfigurationIsVisible = 0;
			defaultConfigurationName = Release;
		};
		DE775915253182490084EEDA /* Build configuration list for PBXNativeTarget "PullDowntoRefreshDemo" */ = {
			isa = XCConfigurationList;
			buildConfigurations = (
				DE775916253182490084EEDA /* Debug */,
				DE775917253182490084EEDA /* Release */,
			);
			defaultConfigurationIsVisible = 0;
			defaultConfigurationName = Release;
		};
/* End XCConfigurationList section */

/* Begin XCRemoteSwiftPackageReference section */
		DE77591A253184030084EEDA /* XCRemoteSwiftPackageReference "BBSwiftUIKit" */ = {
			isa = XCRemoteSwiftPackageReference;
			repositoryURL = "https://github.com/Silence-GitHub/BBSwiftUIKit.git";
			requirement = {
				kind = upToNextMajorVersion;
				minimumVersion = 0.1.0;
			};
		};
/* End XCRemoteSwiftPackageReference section */

/* Begin XCSwiftPackageProductDependency section */
		DE77591B253184030084EEDA /* BBSwiftUIKit */ = {
			isa = XCSwiftPackageProductDependency;
			package = DE77591A253184030084EEDA /* XCRemoteSwiftPackageReference "BBSwiftUIKit" */;
			productName = BBSwiftUIKit;
		};
/* End XCSwiftPackageProductDependency section */
	};
	rootObject = DE7758F9253182460084EEDA /* Project object */;
}
